// !$*UTF8*$!
{
	archiveVersion = 1;
	classes = {
	};
	objectVersion = 46;
	objects = {

/* Begin PBXBuildFile section */
		AA23DD3720E0CF1300313CAC /* AppDelegate.swift in Sources */ = {isa = PBXBuildFile; fileRef = AA23DD3620E0CF1300313CAC /* AppDelegate.swift */; };
		AA23DD3E20E0CF1300313CAC /* Main.storyboard in Resources */ = {isa = PBXBuildFile; fileRef = AA23DD3C20E0CF1300313CAC /* Main.storyboard */; };
		AA23DD4020E0CF1300313CAC /* Assets.xcassets in Resources */ = {isa = PBXBuildFile; fileRef = AA23DD3F20E0CF1300313CAC /* Assets.xcassets */; };
		AA23DD4320E0CF1300313CAC /* LaunchScreen.storyboard in Resources */ = {isa = PBXBuildFile; fileRef = AA23DD4120E0CF1300313CAC /* LaunchScreen.storyboard */; };
		AA23DD4E20E0CF1300313CAC /* TwoZeroFourEightTests.swift in Sources */ = {isa = PBXBuildFile; fileRef = AA23DD4D20E0CF1300313CAC /* TwoZeroFourEightTests.swift */; };
		AA23DD5B20E0E6FD00313CAC /* TwoZeroFourEight.swift in Sources */ = {isa = PBXBuildFile; fileRef = AA23DD5A20E0E6FD00313CAC /* TwoZeroFourEight.swift */; };
		AA44CA5B20E4E0D5003BA0C2 /* Game.storyboard in Resources */ = {isa = PBXBuildFile; fileRef = AA44CA5A20E4E0D5003BA0C2 /* Game.storyboard */; };
		AA81B57D20E4EF33006DF1E9 /* MainController.swift in Sources */ = {isa = PBXBuildFile; fileRef = AA81B57C20E4EF33006DF1E9 /* MainController.swift */; };
		AACDF42C20E7804500B939E7 /* summerland-logo.png in Resources */ = {isa = PBXBuildFile; fileRef = AACDF42B20E7804500B939E7 /* summerland-logo.png */; };
		AAD6E2F220E9EE7900780B00 /* StoredDataUtils.swift in Sources */ = {isa = PBXBuildFile; fileRef = AAD6E2F120E9EE7900780B00 /* StoredDataUtils.swift */; };
		AAD6E2F420EA0EAC00780B00 /* ToastHelper.swift in Sources */ = {isa = PBXBuildFile; fileRef = AAD6E2F320EA0EAC00780B00 /* ToastHelper.swift */; };
		AAD9682F20EB184F00AE9A91 /* screenshot1-2048.png in Resources */ = {isa = PBXBuildFile; fileRef = AAD9682C20EB184D00AE9A91 /* screenshot1-2048.png */; };
		AAD9683020EB184F00AE9A91 /* screenshot3-2048.png in Resources */ = {isa = PBXBuildFile; fileRef = AAD9682D20EB184D00AE9A91 /* screenshot3-2048.png */; };
		AAD9683120EB184F00AE9A91 /* screenshot2-2048.png in Resources */ = {isa = PBXBuildFile; fileRef = AAD9682E20EB184E00AE9A91 /* screenshot2-2048.png */; };
		AAF75BB820E25F8200433928 /* GameViewController.swift in Sources */ = {isa = PBXBuildFile; fileRef = AAF75BB720E25F8200433928 /* GameViewController.swift */; };
		AAFF906820E3779A00125B2F /* art.scnassets in Resources */ = {isa = PBXBuildFile; fileRef = AAFF906720E3779A00125B2F /* art.scnassets */; };
		AAFF906A20E39E7200125B2F /* SSRoundedButton.swift in Sources */ = {isa = PBXBuildFile; fileRef = AAFF906920E39E7100125B2F /* SSRoundedButton.swift */; };
/* End PBXBuildFile section */

/* Begin PBXContainerItemProxy section */
		AA23DD4A20E0CF1300313CAC /* PBXContainerItemProxy */ = {
			isa = PBXContainerItemProxy;
			containerPortal = AA23DD2B20E0CF1200313CAC /* Project object */;
			proxyType = 1;
			remoteGlobalIDString = AA23DD3220E0CF1200313CAC;
			remoteInfo = TwoZeroFourEight;
		};
/* End PBXContainerItemProxy section */

/* Begin PBXFileReference section */
		AA23DD3320E0CF1200313CAC /* TwoZeroFourEight.app */ = {isa = PBXFileReference; explicitFileType = wrapper.application; includeInIndex = 0; path = TwoZeroFourEight.app; sourceTree = BUILT_PRODUCTS_DIR; };
		AA23DD3620E0CF1300313CAC /* AppDelegate.swift */ = {isa = PBXFileReference; lastKnownFileType = sourcecode.swift; path = AppDelegate.swift; sourceTree = "<group>"; };
		AA23DD3D20E0CF1300313CAC /* Base */ = {isa = PBXFileReference; lastKnownFileType = file.storyboard; name = Base; path = Base.lproj/Main.storyboard; sourceTree = "<group>"; };
		AA23DD3F20E0CF1300313CAC /* Assets.xcassets */ = {isa = PBXFileReference; lastKnownFileType = folder.assetcatalog; path = Assets.xcassets; sourceTree = "<group>"; };
		AA23DD4220E0CF1300313CAC /* Base */ = {isa = PBXFileReference; lastKnownFileType = file.storyboard; name = Base; path = Base.lproj/LaunchScreen.storyboard; sourceTree = "<group>"; };
		AA23DD4420E0CF1300313CAC /* Info.plist */ = {isa = PBXFileReference; lastKnownFileType = text.plist.xml; path = Info.plist; sourceTree = "<group>"; };
		AA23DD4920E0CF1300313CAC /* TwoZeroFourEightTests.xctest */ = {isa = PBXFileReference; explicitFileType = wrapper.cfbundle; includeInIndex = 0; path = TwoZeroFourEightTests.xctest; sourceTree = BUILT_PRODUCTS_DIR; };
		AA23DD4D20E0CF1300313CAC /* TwoZeroFourEightTests.swift */ = {isa = PBXFileReference; lastKnownFileType = sourcecode.swift; path = TwoZeroFourEightTests.swift; sourceTree = "<group>"; };
		AA23DD4F20E0CF1300313CAC /* Info.plist */ = {isa = PBXFileReference; lastKnownFileType = text.plist.xml; path = Info.plist; sourceTree = "<group>"; };
		AA23DD5820E0E6C000313CAC /* README.md */ = {isa = PBXFileReference; fileEncoding = 4; lastKnownFileType = net.daringfireball.markdown; name = README.md; path = ../README.md; sourceTree = "<group>"; };
		AA23DD5A20E0E6FD00313CAC /* TwoZeroFourEight.swift */ = {isa = PBXFileReference; fileEncoding = 4; lastKnownFileType = sourcecode.swift; path = TwoZeroFourEight.swift; sourceTree = "<group>"; };
		AA44CA5A20E4E0D5003BA0C2 /* Game.storyboard */ = {isa = PBXFileReference; fileEncoding = 4; lastKnownFileType = file.storyboard; path = Game.storyboard; sourceTree = "<group>"; };
		AA81B57C20E4EF33006DF1E9 /* MainController.swift */ = {isa = PBXFileReference; fileEncoding = 4; lastKnownFileType = sourcecode.swift; path = MainController.swift; sourceTree = "<group>"; };
		AACDF42B20E7804500B939E7 /* summerland-logo.png */ = {isa = PBXFileReference; lastKnownFileType = image.png; name = "summerland-logo.png"; path = "art.scnassets/summerland-logo.png"; sourceTree = "<group>"; };
		AAD6E2F120E9EE7900780B00 /* StoredDataUtils.swift */ = {isa = PBXFileReference; lastKnownFileType = sourcecode.swift; path = StoredDataUtils.swift; sourceTree = "<group>"; };
		AAD6E2F320EA0EAC00780B00 /* ToastHelper.swift */ = {isa = PBXFileReference; lastKnownFileType = sourcecode.swift; path = ToastHelper.swift; sourceTree = "<group>"; };
		AAD9682C20EB184D00AE9A91 /* screenshot1-2048.png */ = {isa = PBXFileReference; lastKnownFileType = image.png; path = "screenshot1-2048.png"; sourceTree = "<group>"; };
		AAD9682D20EB184D00AE9A91 /* screenshot3-2048.png */ = {isa = PBXFileReference; lastKnownFileType = image.png; path = "screenshot3-2048.png"; sourceTree = "<group>"; };
		AAD9682E20EB184E00AE9A91 /* screenshot2-2048.png */ = {isa = PBXFileReference; lastKnownFileType = image.png; path = "screenshot2-2048.png"; sourceTree = "<group>"; };
		AAF75BB720E25F8200433928 /* GameViewController.swift */ = {isa = PBXFileReference; fileEncoding = 4; lastKnownFileType = sourcecode.swift; path = GameViewController.swift; sourceTree = "<group>"; };
		AAFF906720E3779A00125B2F /* art.scnassets */ = {isa = PBXFileReference; lastKnownFileType = wrapper.scnassets; path = art.scnassets; sourceTree = "<group>"; };
		AAFF906920E39E7100125B2F /* SSRoundedButton.swift */ = {isa = PBXFileReference; fileEncoding = 4; lastKnownFileType = sourcecode.swift; path = SSRoundedButton.swift; sourceTree = "<group>"; };
		AAFF906D20E3C48000125B2F /* .gitignore */ = {isa = PBXFileReference; fileEncoding = 4; lastKnownFileType = text; path = .gitignore; sourceTree = SOURCE_ROOT; };
/* End PBXFileReference section */

/* Begin PBXFrameworksBuildPhase section */
		AA23DD3020E0CF1200313CAC /* Frameworks */ = {
			isa = PBXFrameworksBuildPhase;
			buildActionMask = 2147483647;
			files = (
			);
			runOnlyForDeploymentPostprocessing = 0;
		};
		AA23DD4620E0CF1300313CAC /* Frameworks */ = {
			isa = PBXFrameworksBuildPhase;
			buildActionMask = 2147483647;
			files = (
			);
			runOnlyForDeploymentPostprocessing = 0;
		};
/* End PBXFrameworksBuildPhase section */

/* Begin PBXGroup section */
		AA23DD2A20E0CF1200313CAC = {
			isa = PBXGroup;
			children = (
				AA23DD3520E0CF1300313CAC /* TwoZeroFourEight */,
				AA23DD4C20E0CF1300313CAC /* TwoZeroFourEightTests */,
				AA23DD3420E0CF1200313CAC /* Products */,
			);
			sourceTree = "<group>";
		};
		AA23DD3420E0CF1200313CAC /* Products */ = {
			isa = PBXGroup;
			children = (
				AA23DD3320E0CF1200313CAC /* TwoZeroFourEight.app */,
				AA23DD4920E0CF1300313CAC /* TwoZeroFourEightTests.xctest */,
			);
			name = Products;
			sourceTree = "<group>";
		};
		AA23DD3520E0CF1300313CAC /* TwoZeroFourEight */ = {
			isa = PBXGroup;
			children = (
				AA23DD3620E0CF1300313CAC /* AppDelegate.swift */,
				AA81B57C20E4EF33006DF1E9 /* MainController.swift */,
				AAF75BB720E25F8200433928 /* GameViewController.swift */,
				AAFF906920E39E7100125B2F /* SSRoundedButton.swift */,
				AAD6E2F120E9EE7900780B00 /* StoredDataUtils.swift */,
				AAD6E2F320EA0EAC00780B00 /* ToastHelper.swift */,
				AA23DD5A20E0E6FD00313CAC /* TwoZeroFourEight.swift */,
				AA23DD3F20E0CF1300313CAC /* Assets.xcassets */,
				AA23DD3C20E0CF1300313CAC /* Main.storyboard */,
				AA44CA5A20E4E0D5003BA0C2 /* Game.storyboard */,
				AA23DD4120E0CF1300313CAC /* LaunchScreen.storyboard */,
				AACDF42B20E7804500B939E7 /* summerland-logo.png */,
				AAFF906720E3779A00125B2F /* art.scnassets */,
				AA23DD4420E0CF1300313CAC /* Info.plist */,
				AAFF906D20E3C48000125B2F /* .gitignore */,
				AAD9682C20EB184D00AE9A91 /* screenshot1-2048.png */,
				AAD9682E20EB184E00AE9A91 /* screenshot2-2048.png */,
				AAD9682D20EB184D00AE9A91 /* screenshot3-2048.png */,
				AA23DD5820E0E6C000313CAC /* README.md */,
			);
			path = TwoZeroFourEight;
			sourceTree = "<group>";
		};
		AA23DD4C20E0CF1300313CAC /* TwoZeroFourEightTests */ = {
			isa = PBXGroup;
			children = (
				AA23DD4D20E0CF1300313CAC /* TwoZeroFourEightTests.swift */,
				AA23DD4F20E0CF1300313CAC /* Info.plist */,
			);
			path = TwoZeroFourEightTests;
			sourceTree = "<group>";
		};
/* End PBXGroup section */

/* Begin PBXNativeTarget section */
		AA23DD3220E0CF1200313CAC /* TwoZeroFourEight */ = {
			isa = PBXNativeTarget;
			buildConfigurationList = AA23DD5220E0CF1300313CAC /* Build configuration list for PBXNativeTarget "TwoZeroFourEight" */;
			buildPhases = (
				AA23DD2F20E0CF1200313CAC /* Sources */,
				AA23DD3020E0CF1200313CAC /* Frameworks */,
				AA23DD3120E0CF1200313CAC /* Resources */,
			);
			buildRules = (
			);
			dependencies = (
			);
			name = TwoZeroFourEight;
			productName = TwoZeroFourEight;
			productReference = AA23DD3320E0CF1200313CAC /* TwoZeroFourEight.app */;
			productType = "com.apple.product-type.application";
		};
		AA23DD4820E0CF1300313CAC /* TwoZeroFourEightTests */ = {
			isa = PBXNativeTarget;
			buildConfigurationList = AA23DD5520E0CF1300313CAC /* Build configuration list for PBXNativeTarget "TwoZeroFourEightTests" */;
			buildPhases = (
				AA23DD4520E0CF1300313CAC /* Sources */,
				AA23DD4620E0CF1300313CAC /* Frameworks */,
				AA23DD4720E0CF1300313CAC /* Resources */,
			);
			buildRules = (
			);
			dependencies = (
				AA23DD4B20E0CF1300313CAC /* PBXTargetDependency */,
			);
			name = TwoZeroFourEightTests;
			productName = TwoZeroFourEightTests;
			productReference = AA23DD4920E0CF1300313CAC /* TwoZeroFourEightTests.xctest */;
			productType = "com.apple.product-type.bundle.unit-test";
		};
/* End PBXNativeTarget section */

/* Begin PBXProject section */
		AA23DD2B20E0CF1200313CAC /* Project object */ = {
			isa = PBXProject;
			attributes = {
				LastSwiftUpdateCheck = 0730;
				LastUpgradeCheck = 0920;
				ORGANIZATIONNAME = "Steve Richards";
				TargetAttributes = {
					AA23DD3220E0CF1200313CAC = {
						CreatedOnToolsVersion = 7.3.1;
						DevelopmentTeam = DMQD835NAX;
					};
					AA23DD4820E0CF1300313CAC = {
						CreatedOnToolsVersion = 7.3.1;
						TestTargetID = AA23DD3220E0CF1200313CAC;
					};
				};
			};
			buildConfigurationList = AA23DD2E20E0CF1200313CAC /* Build configuration list for PBXProject "TwoZeroFourEight" */;
			compatibilityVersion = "Xcode 3.2";
			developmentRegion = English;
			hasScannedForEncodings = 0;
			knownRegions = (
				en,
				Base,
			);
			mainGroup = AA23DD2A20E0CF1200313CAC;
			productRefGroup = AA23DD3420E0CF1200313CAC /* Products */;
			projectDirPath = "";
			projectRoot = "";
			targets = (
				AA23DD3220E0CF1200313CAC /* TwoZeroFourEight */,
				AA23DD4820E0CF1300313CAC /* TwoZeroFourEightTests */,
			);
		};
/* End PBXProject section */

/* Begin PBXResourcesBuildPhase section */
		AA23DD3120E0CF1200313CAC /* Resources */ = {
			isa = PBXResourcesBuildPhase;
			buildActionMask = 2147483647;
			files = (
				AAD9683020EB184F00AE9A91 /* screenshot3-2048.png in Resources */,
				AACDF42C20E7804500B939E7 /* summerland-logo.png in Resources */,
				AAD9682F20EB184F00AE9A91 /* screenshot1-2048.png in Resources */,
				AA44CA5B20E4E0D5003BA0C2 /* Game.storyboard in Resources */,
				AAD9683120EB184F00AE9A91 /* screenshot2-2048.png in Resources */,
				AA23DD4320E0CF1300313CAC /* LaunchScreen.storyboard in Resources */,
				AAFF906820E3779A00125B2F /* art.scnassets in Resources */,
				AA23DD4020E0CF1300313CAC /* Assets.xcassets in Resources */,
				AA23DD3E20E0CF1300313CAC /* Main.storyboard in Resources */,
			);
			runOnlyForDeploymentPostprocessing = 0;
		};
		AA23DD4720E0CF1300313CAC /* Resources */ = {
			isa = PBXResourcesBuildPhase;
			buildActionMask = 2147483647;
			files = (
			);
			runOnlyForDeploymentPostprocessing = 0;
		};
/* End PBXResourcesBuildPhase section */

/* Begin PBXSourcesBuildPhase section */
		AA23DD2F20E0CF1200313CAC /* Sources */ = {
			isa = PBXSourcesBuildPhase;
			buildActionMask = 2147483647;
			files = (
				AAF75BB820E25F8200433928 /* GameViewController.swift in Sources */,
				AA81B57D20E4EF33006DF1E9 /* MainController.swift in Sources */,
				AAD6E2F420EA0EAC00780B00 /* ToastHelper.swift in Sources */,
				AAD6E2F220E9EE7900780B00 /* StoredDataUtils.swift in Sources */,
				AAFF906A20E39E7200125B2F /* SSRoundedButton.swift in Sources */,
				AA23DD5B20E0E6FD00313CAC /* TwoZeroFourEight.swift in Sources */,
				AA23DD3720E0CF1300313CAC /* AppDelegate.swift in Sources */,
			);
			runOnlyForDeploymentPostprocessing = 0;
		};
		AA23DD4520E0CF1300313CAC /* Sources */ = {
			isa = PBXSourcesBuildPhase;
			buildActionMask = 2147483647;
			files = (
				AA23DD4E20E0CF1300313CAC /* TwoZeroFourEightTests.swift in Sources */,
			);
			runOnlyForDeploymentPostprocessing = 0;
		};
/* End PBXSourcesBuildPhase section */

/* Begin PBXTargetDependency section */
		AA23DD4B20E0CF1300313CAC /* PBXTargetDependency */ = {
			isa = PBXTargetDependency;
			target = AA23DD3220E0CF1200313CAC /* TwoZeroFourEight */;
			targetProxy = AA23DD4A20E0CF1300313CAC /* PBXContainerItemProxy */;
		};
/* End PBXTargetDependency section */

/* Begin PBXVariantGroup section */
		AA23DD3C20E0CF1300313CAC /* Main.storyboard */ = {
			isa = PBXVariantGroup;
			children = (
				AA23DD3D20E0CF1300313CAC /* Base */,
			);
			name = Main.storyboard;
			sourceTree = "<group>";
		};
		AA23DD4120E0CF1300313CAC /* LaunchScreen.storyboard */ = {
			isa = PBXVariantGroup;
			children = (
				AA23DD4220E0CF1300313CAC /* Base */,
			);
			name = LaunchScreen.storyboard;
			sourceTree = "<group>";
		};
/* End PBXVariantGroup section */

/* Begin XCBuildConfiguration section */
		AA23DD5020E0CF1300313CAC /* Debug */ = {
			isa = XCBuildConfiguration;
			buildSettings = {
				ALWAYS_SEARCH_USER_PATHS = NO;
				CLANG_ANALYZER_NONNULL = YES;
				CLANG_CXX_LANGUAGE_STANDARD = "gnu++0x";
				CLANG_CXX_LIBRARY = "libc++";
				CLANG_ENABLE_MODULES = YES;
				CLANG_ENABLE_OBJC_ARC = YES;
				CLANG_WARN_BLOCK_CAPTURE_AUTORELEASING = YES;
				CLANG_WARN_BOOL_CONVERSION = YES;
				CLANG_WARN_COMMA = YES;
				CLANG_WARN_CONSTANT_CONVERSION = YES;
				CLANG_WARN_DIRECT_OBJC_ISA_USAGE = YES_ERROR;
				CLANG_WARN_EMPTY_BODY = YES;
				CLANG_WARN_ENUM_CONVERSION = YES;
				CLANG_WARN_INFINITE_RECURSION = YES;
				CLANG_WARN_INT_CONVERSION = YES;
				CLANG_WARN_NON_LITERAL_NULL_CONVERSION = YES;
				CLANG_WARN_OBJC_LITERAL_CONVERSION = YES;
				CLANG_WARN_OBJC_ROOT_CLASS = YES_ERROR;
				CLANG_WARN_RANGE_LOOP_ANALYSIS = YES;
				CLANG_WARN_STRICT_PROTOTYPES = YES;
				CLANG_WARN_SUSPICIOUS_MOVE = YES;
				CLANG_WARN_UNREACHABLE_CODE = YES;
				CLANG_WARN__DUPLICATE_METHOD_MATCH = YES;
				"CODE_SIGN_IDENTITY[sdk=iphoneos*]" = "iPhone Developer";
				COPY_PHASE_STRIP = NO;
				DEBUG_INFORMATION_FORMAT = "dwarf-with-dsym";
				ENABLE_STRICT_OBJC_MSGSEND = YES;
				ENABLE_TESTABILITY = YES;
				GCC_C_LANGUAGE_STANDARD = gnu99;
				GCC_DYNAMIC_NO_PIC = NO;
				GCC_NO_COMMON_BLOCKS = YES;
				GCC_OPTIMIZATION_LEVEL = 0;
				GCC_PREPROCESSOR_DEFINITIONS = (
					"DEBUG=1",
					"$(inherited)",
				);
				GCC_WARN_64_TO_32_BIT_CONVERSION = YES;
				GCC_WARN_ABOUT_RETURN_TYPE = YES_ERROR;
				GCC_WARN_UNDECLARED_SELECTOR = YES;
				GCC_WARN_UNINITIALIZED_AUTOS = YES_AGGRESSIVE;
				GCC_WARN_UNUSED_FUNCTION = YES;
				GCC_WARN_UNUSED_VARIABLE = YES;
				IPHONEOS_DEPLOYMENT_TARGET = 9.3;
				MTL_ENABLE_DEBUG_INFO = YES;
				ONLY_ACTIVE_ARCH = YES;
				SDKROOT = iphoneos;
				SWIFT_OPTIMIZATION_LEVEL = "-Onone";
				SWIFT_VERSION = 4.0;
			};
			name = Debug;
		};
		AA23DD5120E0CF1300313CAC /* Release */ = {
			isa = XCBuildConfiguration;
			buildSettings = {
				ALWAYS_SEARCH_USER_PATHS = NO;
				CLANG_ANALYZER_NONNULL = YES;
				CLANG_CXX_LANGUAGE_STANDARD = "gnu++0x";
				CLANG_CXX_LIBRARY = "libc++";
				CLANG_ENABLE_MODULES = YES;
				CLANG_ENABLE_OBJC_ARC = YES;
				CLANG_WARN_BLOCK_CAPTURE_AUTORELEASING = YES;
				CLANG_WARN_BOOL_CONVERSION = YES;
				CLANG_WARN_COMMA = YES;
				CLANG_WARN_CONSTANT_CONVERSION = YES;
				CLANG_WARN_DIRECT_OBJC_ISA_USAGE = YES_ERROR;
				CLANG_WARN_EMPTY_BODY = YES;
				CLANG_WARN_ENUM_CONVERSION = YES;
				CLANG_WARN_INFINITE_RECURSION = YES;
				CLANG_WARN_INT_CONVERSION = YES;
				CLANG_WARN_NON_LITERAL_NULL_CONVERSION = YES;
				CLANG_WARN_OBJC_LITERAL_CONVERSION = YES;
				CLANG_WARN_OBJC_ROOT_CLASS = YES_ERROR;
				CLANG_WARN_RANGE_LOOP_ANALYSIS = YES;
				CLANG_WARN_STRICT_PROTOTYPES = YES;
				CLANG_WARN_SUSPICIOUS_MOVE = YES;
				CLANG_WARN_UNREACHABLE_CODE = YES;
				CLANG_WARN__DUPLICATE_METHOD_MATCH = YES;
				"CODE_SIGN_IDENTITY[sdk=iphoneos*]" = "iPhone Developer";
				COPY_PHASE_STRIP = NO;
				DEBUG_INFORMATION_FORMAT = "dwarf-with-dsym";
				ENABLE_NS_ASSERTIONS = NO;
				ENABLE_STRICT_OBJC_MSGSEND = YES;
				GCC_C_LANGUAGE_STANDARD = gnu99;
				GCC_NO_COMMON_BLOCKS = YES;
				GCC_WARN_64_TO_32_BIT_CONVERSION = YES;
				GCC_WARN_ABOUT_RETURN_TYPE = YES_ERROR;
				GCC_WARN_UNDECLARED_SELECTOR = YES;
				GCC_WARN_UNINITIALIZED_AUTOS = YES_AGGRESSIVE;
				GCC_WARN_UNUSED_FUNCTION = YES;
				GCC_WARN_UNUSED_VARIABLE = YES;
				IPHONEOS_DEPLOYMENT_TARGET = 9.3;
				MTL_ENABLE_DEBUG_INFO = NO;
				SDKROOT = iphoneos;
				SWIFT_OPTIMIZATION_LEVEL = "-Owholemodule";
				SWIFT_VERSION = 4.0;
				VALIDATE_PRODUCT = YES;
			};
			name = Release;
		};
		AA23DD5320E0CF1300313CAC /* Debug */ = {
			isa = XCBuildConfiguration;
			buildSettings = {
				ASSETCATALOG_COMPILER_APPICON_NAME = AppIcon;
				CODE_SIGN_IDENTITY = "iPhone Developer";
				"CODE_SIGN_IDENTITY[sdk=iphoneos*]" = "iPhone Developer";
				DEVELOPMENT_TEAM = DMQD835NAX;
				INFOPLIST_FILE = TwoZeroFourEight/Info.plist;
				IPHONEOS_DEPLOYMENT_TARGET = 11.0;
				LD_RUNPATH_SEARCH_PATHS = "$(inherited) @executable_path/Frameworks";
				PRODUCT_BUNDLE_IDENTIFIER = com.summerland.TwoZeroFourEight;
				PRODUCT_NAME = "$(TARGET_NAME)";
				PROVISIONING_PROFILE = "";
				"PROVISIONING_PROFILE[sdk=*]" = "";
			};
			name = Debug;
		};
		AA23DD5420E0CF1300313CAC /* Release */ = {
			isa = XCBuildConfiguration;
			buildSettings = {
				ASSETCATALOG_COMPILER_APPICON_NAME = AppIcon;
				CODE_SIGN_IDENTITY = "iPhone Developer";
				"CODE_SIGN_IDENTITY[sdk=iphoneos*]" = "iPhone Developer";
				DEVELOPMENT_TEAM = DMQD835NAX;
				INFOPLIST_FILE = TwoZeroFourEight/Info.plist;
				IPHONEOS_DEPLOYMENT_TARGET = 11.0;
				LD_RUNPATH_SEARCH_PATHS = "$(inherited) @executable_path/Frameworks";
				PRODUCT_BUNDLE_IDENTIFIER = com.summerland.TwoZeroFourEight;
				PRODUCT_NAME = "$(TARGET_NAME)";
				PROVISIONING_PROFILE = "";
				"PROVISIONING_PROFILE[sdk=*]" = "";
			};
			name = Release;
		};
		AA23DD5620E0CF1300313CAC /* Debug */ = {
			isa = XCBuildConfiguration;
			buildSettings = {
				BUNDLE_LOADER = "$(TEST_HOST)";
				DEBUG_INFORMATION_FORMAT = dwarf;
				INFOPLIST_FILE = TwoZeroFourEightTests/Info.plist;
				LD_RUNPATH_SEARCH_PATHS = "$(inherited) @executable_path/Frameworks @loader_path/Frameworks";
				PRODUCT_BUNDLE_IDENTIFIER = com.summerland.TwoZeroFourEightTests;
				PRODUCT_NAME = "$(TARGET_NAME)";
				TEST_HOST = "$(BUILT_PRODUCTS_DIR)/TwoZeroFourEight.app/TwoZeroFourEight";
			};
			name = Debug;
		};
		AA23DD5720E0CF1300313CAC /* Release */ = {
			isa = XCBuildConfiguration;
			buildSettings = {
				BUNDLE_LOADER = "$(TEST_HOST)";
				INFOPLIST_FILE = TwoZeroFourEightTests/Info.plist;
				LD_RUNPATH_SEARCH_PATHS = "$(inherited) @executable_path/Frameworks @loader_path/Frameworks";
				PRODUCT_BUNDLE_IDENTIFIER = com.summerland.TwoZeroFourEightTests;
				PRODUCT_NAME = "$(TARGET_NAME)";
				TEST_HOST = "$(BUILT_PRODUCTS_DIR)/TwoZeroFourEight.app/TwoZeroFourEight";
			};
			name = Release;
		};
/* End XCBuildConfiguration section */

/* Begin XCConfigurationList section */
		AA23DD2E20E0CF1200313CAC /* Build configuration list for PBXProject "TwoZeroFourEight" */ = {
			isa = XCConfigurationList;
			buildConfigurations = (
				AA23DD5020E0CF1300313CAC /* Debug */,
				AA23DD5120E0CF1300313CAC /* Release */,
			);
			defaultConfigurationIsVisible = 0;
			defaultConfigurationName = Release;
		};
		AA23DD5220E0CF1300313CAC /* Build configuration list for PBXNativeTarget "TwoZeroFourEight" */ = {
			isa = XCConfigurationList;
			buildConfigurations = (
				AA23DD5320E0CF1300313CAC /* Debug */,
				AA23DD5420E0CF1300313CAC /* Release */,
			);
			defaultConfigurationIsVisible = 0;
			defaultConfigurationName = Release;
		};
		AA23DD5520E0CF1300313CAC /* Build configuration list for PBXNativeTarget "TwoZeroFourEightTests" */ = {
			isa = XCConfigurationList;
			buildConfigurations = (
				AA23DD5620E0CF1300313CAC /* Debug */,
				AA23DD5720E0CF1300313CAC /* Release */,
			);
			defaultConfigurationIsVisible = 0;
			defaultConfigurationName = Release;
		};
/* End XCConfigurationList section */
	};
	rootObject = AA23DD2B20E0CF1200313CAC /* Project object */;
}
